// !$*UTF8*$!
{
	archiveVersion = 1;
	classes = {
	};
	objectVersion = 52;
	objects = {

/* Begin PBXBuildFile section */
		C7734CA925BCDB1D0057DF96 /* Nearby.swift in Sources */ = {isa = PBXBuildFile; fileRef = C7734CA825BCDB1D0057DF96 /* Nearby.swift */; };
		C7734CB225BCDEEA0057DF96 /* StringUtils.swift in Sources */ = {isa = PBXBuildFile; fileRef = C7734CB125BCDEEA0057DF96 /* StringUtils.swift */; };
		C7734CBA25BCE6CE0057DF96 /* MessageHistoryView.swift in Sources */ = {isa = PBXBuildFile; fileRef = C7734CB925BCE6CE0057DF96 /* MessageHistoryView.swift */; };
		C7734CC225BCE8910057DF96 /* MessageComposeView.swift in Sources */ = {isa = PBXBuildFile; fileRef = C7734CC125BCE8910057DF96 /* MessageComposeView.swift */; };
		C77C1DE025BBB127005D0B7C /* ViewConstants.swift in Sources */ = {isa = PBXBuildFile; fileRef = C77C1DDF25BBB127005D0B7C /* ViewConstants.swift */; };
		C77C1DE825BBC465005D0B7C /* AutoFocusTextField.swift in Sources */ = {isa = PBXBuildFile; fileRef = C77C1DE725BBC465005D0B7C /* AutoFocusTextField.swift */; };
		C77C1DF625BBC815005D0B7C /* ProfileVIew.swift in Sources */ = {isa = PBXBuildFile; fileRef = C77C1DF525BBC815005D0B7C /* ProfileVIew.swift */; };
		C77D498725BC73F70073A964 /* SettingsView.swift in Sources */ = {isa = PBXBuildFile; fileRef = C77D498625BC73F70073A964 /* SettingsView.swift */; };
		C77D499525BC75B40073A964 /* MessageHistoryStyle.swift in Sources */ = {isa = PBXBuildFile; fileRef = C77D499425BC75B40073A964 /* MessageHistoryStyle.swift */; };
		C77D499D25BC76010073A964 /* Settings.swift in Sources */ = {isa = PBXBuildFile; fileRef = C77D499C25BC76010073A964 /* Settings.swift */; };
		C77D49B325BC777E0073A964 /* CompactMessageView.swift in Sources */ = {isa = PBXBuildFile; fileRef = C77D49B225BC777E0073A964 /* CompactMessageView.swift */; };
		C77D49C125BC780A0073A964 /* BubbleMessageView.swift in Sources */ = {isa = PBXBuildFile; fileRef = C77D49C025BC780A0073A964 /* BubbleMessageView.swift */; };
		C77D49CF25BC78C70073A964 /* EnumPicker.swift in Sources */ = {isa = PBXBuildFile; fileRef = C77D49CE25BC78C70073A964 /* EnumPicker.swift */; };
		C77D49D725BC7B600073A964 /* NearbyView.swift in Sources */ = {isa = PBXBuildFile; fileRef = C77D49D625BC7B600073A964 /* NearbyView.swift */; };
		C77D49E525BC85F70073A964 /* PlainMessageView.swift in Sources */ = {isa = PBXBuildFile; fileRef = C77D49E425BC85F70073A964 /* PlainMessageView.swift */; };
		C7982CCB25BB8521000DC0F1 /* Assets.xcassets in Resources */ = {isa = PBXBuildFile; fileRef = C7982CCA25BB8521000DC0F1 /* Assets.xcassets */; };
		C7982CCE25BB8521000DC0F1 /* Preview Assets.xcassets in Resources */ = {isa = PBXBuildFile; fileRef = C7982CCD25BB8521000DC0F1 /* Preview Assets.xcassets */; };
		C7982CDA25BB8522000DC0F1 /* DistributedChatMacAppTests.swift in Sources */ = {isa = PBXBuildFile; fileRef = C7982CD925BB8522000DC0F1 /* DistributedChatMacAppTests.swift */; };
		C7982CE525BB8522000DC0F1 /* DistributedChatMacAppUITests.swift in Sources */ = {isa = PBXBuildFile; fileRef = C7982CE425BB8522000DC0F1 /* DistributedChatMacAppUITests.swift */; };
		C7982D0225BB8581000DC0F1 /* DistributedChatApp.swift in Sources */ = {isa = PBXBuildFile; fileRef = C7BC335125B3C00700989E95 /* DistributedChatApp.swift */; };
		C7982D0925BB8587000DC0F1 /* CoreBluetoothTransport.swift in Sources */ = {isa = PBXBuildFile; fileRef = C7AFC9B225BB52D500AF9526 /* CoreBluetoothTransport.swift */; };
		C7982D1025BB858B000DC0F1 /* ContentView.swift in Sources */ = {isa = PBXBuildFile; fileRef = C7BC335325B3C00700989E95 /* ContentView.swift */; };
		C7982D1825BB85BC000DC0F1 /* DistributedChat in Frameworks */ = {isa = PBXBuildFile; productRef = C7982D1725BB85BC000DC0F1 /* DistributedChat */; };
		C7982D2225BB8885000DC0F1 /* ChannelsView.swift in Sources */ = {isa = PBXBuildFile; fileRef = C7982D2125BB8885000DC0F1 /* ChannelsView.swift */; };
		C7982D2A25BB8981000DC0F1 /* ChannelView.swift in Sources */ = {isa = PBXBuildFile; fileRef = C7982D2925BB8981000DC0F1 /* ChannelView.swift */; };
		C7982D4125BB8A57000DC0F1 /* Messages.swift in Sources */ = {isa = PBXBuildFile; fileRef = C7982D4025BB8A57000DC0F1 /* Messages.swift */; };
		C7AFC9B325BB52D500AF9526 /* CoreBluetoothTransport.swift in Sources */ = {isa = PBXBuildFile; fileRef = C7AFC9B225BB52D500AF9526 /* CoreBluetoothTransport.swift */; };
		C7BC335225B3C00700989E95 /* DistributedChatApp.swift in Sources */ = {isa = PBXBuildFile; fileRef = C7BC335125B3C00700989E95 /* DistributedChatApp.swift */; };
		C7BC335425B3C00700989E95 /* ContentView.swift in Sources */ = {isa = PBXBuildFile; fileRef = C7BC335325B3C00700989E95 /* ContentView.swift */; };
		C7BC335625B3C00900989E95 /* Assets.xcassets in Resources */ = {isa = PBXBuildFile; fileRef = C7BC335525B3C00900989E95 /* Assets.xcassets */; };
		C7BC335925B3C00900989E95 /* Preview Assets.xcassets in Resources */ = {isa = PBXBuildFile; fileRef = C7BC335825B3C00900989E95 /* Preview Assets.xcassets */; };
		C7BC336425B3C00900989E95 /* DistributedChatAppTests.swift in Sources */ = {isa = PBXBuildFile; fileRef = C7BC336325B3C00900989E95 /* DistributedChatAppTests.swift */; };
		C7BC336F25B3C00900989E95 /* DistributedChatAppUITests.swift in Sources */ = {isa = PBXBuildFile; fileRef = C7BC336E25B3C00900989E95 /* DistributedChatAppUITests.swift */; };
		C7BC338A25B3C2EE00989E95 /* DistributedChat in Frameworks */ = {isa = PBXBuildFile; productRef = C7BC338925B3C2EE00989E95 /* DistributedChat */; };
/* End PBXBuildFile section */

/* Begin PBXContainerItemProxy section */
		C7982CD625BB8522000DC0F1 /* PBXContainerItemProxy */ = {
			isa = PBXContainerItemProxy;
			containerPortal = C7BC334625B3C00700989E95 /* Project object */;
			proxyType = 1;
			remoteGlobalIDString = C7982CC325BB851F000DC0F1;
			remoteInfo = DistributedChatMacApp;
		};
		C7982CE125BB8522000DC0F1 /* PBXContainerItemProxy */ = {
			isa = PBXContainerItemProxy;
			containerPortal = C7BC334625B3C00700989E95 /* Project object */;
			proxyType = 1;
			remoteGlobalIDString = C7982CC325BB851F000DC0F1;
			remoteInfo = DistributedChatMacApp;
		};
		C7BC336025B3C00900989E95 /* PBXContainerItemProxy */ = {
			isa = PBXContainerItemProxy;
			containerPortal = C7BC334625B3C00700989E95 /* Project object */;
			proxyType = 1;
			remoteGlobalIDString = C7BC334D25B3C00700989E95;
			remoteInfo = DistributedChatApp;
		};
		C7BC336B25B3C00900989E95 /* PBXContainerItemProxy */ = {
			isa = PBXContainerItemProxy;
			containerPortal = C7BC334625B3C00700989E95 /* Project object */;
			proxyType = 1;
			remoteGlobalIDString = C7BC334D25B3C00700989E95;
			remoteInfo = DistributedChatApp;
		};
/* End PBXContainerItemProxy section */

/* Begin PBXFileReference section */
		C7734CA825BCDB1D0057DF96 /* Nearby.swift */ = {isa = PBXFileReference; lastKnownFileType = sourcecode.swift; path = Nearby.swift; sourceTree = "<group>"; };
		C7734CB125BCDEEA0057DF96 /* StringUtils.swift */ = {isa = PBXFileReference; lastKnownFileType = sourcecode.swift; path = StringUtils.swift; sourceTree = "<group>"; };
		C7734CB925BCE6CE0057DF96 /* MessageHistoryView.swift */ = {isa = PBXFileReference; lastKnownFileType = sourcecode.swift; path = MessageHistoryView.swift; sourceTree = "<group>"; };
		C7734CC125BCE8910057DF96 /* MessageComposeView.swift */ = {isa = PBXFileReference; lastKnownFileType = sourcecode.swift; path = MessageComposeView.swift; sourceTree = "<group>"; };
		C77C1DDF25BBB127005D0B7C /* ViewConstants.swift */ = {isa = PBXFileReference; lastKnownFileType = sourcecode.swift; path = ViewConstants.swift; sourceTree = "<group>"; };
		C77C1DE725BBC465005D0B7C /* AutoFocusTextField.swift */ = {isa = PBXFileReference; lastKnownFileType = sourcecode.swift; path = AutoFocusTextField.swift; sourceTree = "<group>"; };
		C77C1DF525BBC815005D0B7C /* ProfileVIew.swift */ = {isa = PBXFileReference; lastKnownFileType = sourcecode.swift; path = ProfileVIew.swift; sourceTree = "<group>"; };
		C77D498625BC73F70073A964 /* SettingsView.swift */ = {isa = PBXFileReference; lastKnownFileType = sourcecode.swift; path = SettingsView.swift; sourceTree = "<group>"; };
		C77D499425BC75B40073A964 /* MessageHistoryStyle.swift */ = {isa = PBXFileReference; lastKnownFileType = sourcecode.swift; path = MessageHistoryStyle.swift; sourceTree = "<group>"; };
		C77D499C25BC76010073A964 /* Settings.swift */ = {isa = PBXFileReference; lastKnownFileType = sourcecode.swift; path = Settings.swift; sourceTree = "<group>"; };
		C77D49B225BC777E0073A964 /* CompactMessageView.swift */ = {isa = PBXFileReference; lastKnownFileType = sourcecode.swift; path = CompactMessageView.swift; sourceTree = "<group>"; };
		C77D49C025BC780A0073A964 /* BubbleMessageView.swift */ = {isa = PBXFileReference; lastKnownFileType = sourcecode.swift; path = BubbleMessageView.swift; sourceTree = "<group>"; };
		C77D49CE25BC78C70073A964 /* EnumPicker.swift */ = {isa = PBXFileReference; lastKnownFileType = sourcecode.swift; path = EnumPicker.swift; sourceTree = "<group>"; };
		C77D49D625BC7B600073A964 /* NearbyView.swift */ = {isa = PBXFileReference; lastKnownFileType = sourcecode.swift; path = NearbyView.swift; sourceTree = "<group>"; };
		C77D49E425BC85F70073A964 /* PlainMessageView.swift */ = {isa = PBXFileReference; lastKnownFileType = sourcecode.swift; path = PlainMessageView.swift; sourceTree = "<group>"; };
		C7982CC425BB851F000DC0F1 /* DistributedChatMacApp.app */ = {isa = PBXFileReference; explicitFileType = wrapper.application; includeInIndex = 0; path = DistributedChatMacApp.app; sourceTree = BUILT_PRODUCTS_DIR; };
		C7982CCA25BB8521000DC0F1 /* Assets.xcassets */ = {isa = PBXFileReference; lastKnownFileType = folder.assetcatalog; path = Assets.xcassets; sourceTree = "<group>"; };
		C7982CCD25BB8521000DC0F1 /* Preview Assets.xcassets */ = {isa = PBXFileReference; lastKnownFileType = folder.assetcatalog; path = "Preview Assets.xcassets"; sourceTree = "<group>"; };
		C7982CCF25BB8521000DC0F1 /* Info.plist */ = {isa = PBXFileReference; lastKnownFileType = text.plist.xml; path = Info.plist; sourceTree = "<group>"; };
		C7982CD025BB8521000DC0F1 /* DistributedChatMacApp.entitlements */ = {isa = PBXFileReference; lastKnownFileType = text.plist.entitlements; path = DistributedChatMacApp.entitlements; sourceTree = "<group>"; };
		C7982CD525BB8522000DC0F1 /* DistributedChatMacAppTests.xctest */ = {isa = PBXFileReference; explicitFileType = wrapper.cfbundle; includeInIndex = 0; path = DistributedChatMacAppTests.xctest; sourceTree = BUILT_PRODUCTS_DIR; };
		C7982CD925BB8522000DC0F1 /* DistributedChatMacAppTests.swift */ = {isa = PBXFileReference; lastKnownFileType = sourcecode.swift; path = DistributedChatMacAppTests.swift; sourceTree = "<group>"; };
		C7982CDB25BB8522000DC0F1 /* Info.plist */ = {isa = PBXFileReference; lastKnownFileType = text.plist.xml; path = Info.plist; sourceTree = "<group>"; };
		C7982CE025BB8522000DC0F1 /* DistributedChatMacAppUITests.xctest */ = {isa = PBXFileReference; explicitFileType = wrapper.cfbundle; includeInIndex = 0; path = DistributedChatMacAppUITests.xctest; sourceTree = BUILT_PRODUCTS_DIR; };
		C7982CE425BB8522000DC0F1 /* DistributedChatMacAppUITests.swift */ = {isa = PBXFileReference; lastKnownFileType = sourcecode.swift; path = DistributedChatMacAppUITests.swift; sourceTree = "<group>"; };
		C7982CE625BB8522000DC0F1 /* Info.plist */ = {isa = PBXFileReference; lastKnownFileType = text.plist.xml; path = Info.plist; sourceTree = "<group>"; };
		C7982D2125BB8885000DC0F1 /* ChannelsView.swift */ = {isa = PBXFileReference; lastKnownFileType = sourcecode.swift; path = ChannelsView.swift; sourceTree = "<group>"; };
		C7982D2925BB8981000DC0F1 /* ChannelView.swift */ = {isa = PBXFileReference; lastKnownFileType = sourcecode.swift; path = ChannelView.swift; sourceTree = "<group>"; };
		C7982D4025BB8A57000DC0F1 /* Messages.swift */ = {isa = PBXFileReference; lastKnownFileType = sourcecode.swift; path = Messages.swift; sourceTree = "<group>"; };
		C7AFC9B225BB52D500AF9526 /* CoreBluetoothTransport.swift */ = {isa = PBXFileReference; lastKnownFileType = sourcecode.swift; path = CoreBluetoothTransport.swift; sourceTree = "<group>"; };
		C7BC334E25B3C00700989E95 /* DistributedChatApp.app */ = {isa = PBXFileReference; explicitFileType = wrapper.application; includeInIndex = 0; path = DistributedChatApp.app; sourceTree = BUILT_PRODUCTS_DIR; };
		C7BC335125B3C00700989E95 /* DistributedChatApp.swift */ = {isa = PBXFileReference; lastKnownFileType = sourcecode.swift; path = DistributedChatApp.swift; sourceTree = "<group>"; };
		C7BC335325B3C00700989E95 /* ContentView.swift */ = {isa = PBXFileReference; lastKnownFileType = sourcecode.swift; path = ContentView.swift; sourceTree = "<group>"; };
		C7BC335525B3C00900989E95 /* Assets.xcassets */ = {isa = PBXFileReference; lastKnownFileType = folder.assetcatalog; path = Assets.xcassets; sourceTree = "<group>"; };
		C7BC335825B3C00900989E95 /* Preview Assets.xcassets */ = {isa = PBXFileReference; lastKnownFileType = folder.assetcatalog; path = "Preview Assets.xcassets"; sourceTree = "<group>"; };
		C7BC335A25B3C00900989E95 /* Info.plist */ = {isa = PBXFileReference; lastKnownFileType = text.plist.xml; path = Info.plist; sourceTree = "<group>"; };
		C7BC335F25B3C00900989E95 /* DistributedChatAppTests.xctest */ = {isa = PBXFileReference; explicitFileType = wrapper.cfbundle; includeInIndex = 0; path = DistributedChatAppTests.xctest; sourceTree = BUILT_PRODUCTS_DIR; };
		C7BC336325B3C00900989E95 /* DistributedChatAppTests.swift */ = {isa = PBXFileReference; lastKnownFileType = sourcecode.swift; path = DistributedChatAppTests.swift; sourceTree = "<group>"; };
		C7BC336525B3C00900989E95 /* Info.plist */ = {isa = PBXFileReference; lastKnownFileType = text.plist.xml; path = Info.plist; sourceTree = "<group>"; };
		C7BC336A25B3C00900989E95 /* DistributedChatAppUITests.xctest */ = {isa = PBXFileReference; explicitFileType = wrapper.cfbundle; includeInIndex = 0; path = DistributedChatAppUITests.xctest; sourceTree = BUILT_PRODUCTS_DIR; };
		C7BC336E25B3C00900989E95 /* DistributedChatAppUITests.swift */ = {isa = PBXFileReference; lastKnownFileType = sourcecode.swift; path = DistributedChatAppUITests.swift; sourceTree = "<group>"; };
		C7BC337025B3C00900989E95 /* Info.plist */ = {isa = PBXFileReference; lastKnownFileType = text.plist.xml; path = Info.plist; sourceTree = "<group>"; };
		C7BC337F25B3C1D100989E95 /* DistributedChat */ = {isa = PBXFileReference; lastKnownFileType = folder; name = DistributedChat; path = ../DistributedChat; sourceTree = "<group>"; };
/* End PBXFileReference section */

/* Begin PBXFrameworksBuildPhase section */
		C7982CC125BB851F000DC0F1 /* Frameworks */ = {
			isa = PBXFrameworksBuildPhase;
			buildActionMask = 2147483647;
			files = (
				C7982D1825BB85BC000DC0F1 /* DistributedChat in Frameworks */,
			);
			runOnlyForDeploymentPostprocessing = 0;
		};
		C7982CD225BB8522000DC0F1 /* Frameworks */ = {
			isa = PBXFrameworksBuildPhase;
			buildActionMask = 2147483647;
			files = (
			);
			runOnlyForDeploymentPostprocessing = 0;
		};
		C7982CDD25BB8522000DC0F1 /* Frameworks */ = {
			isa = PBXFrameworksBuildPhase;
			buildActionMask = 2147483647;
			files = (
			);
			runOnlyForDeploymentPostprocessing = 0;
		};
		C7BC334B25B3C00700989E95 /* Frameworks */ = {
			isa = PBXFrameworksBuildPhase;
			buildActionMask = 2147483647;
			files = (
				C7BC338A25B3C2EE00989E95 /* DistributedChat in Frameworks */,
			);
			runOnlyForDeploymentPostprocessing = 0;
		};
		C7BC335C25B3C00900989E95 /* Frameworks */ = {
			isa = PBXFrameworksBuildPhase;
			buildActionMask = 2147483647;
			files = (
			);
			runOnlyForDeploymentPostprocessing = 0;
		};
		C7BC336725B3C00900989E95 /* Frameworks */ = {
			isa = PBXFrameworksBuildPhase;
			buildActionMask = 2147483647;
			files = (
			);
			runOnlyForDeploymentPostprocessing = 0;
		};
/* End PBXFrameworksBuildPhase section */

/* Begin PBXGroup section */
		C7734CB025BCDEDF0057DF96 /* Utils */ = {
			isa = PBXGroup;
			children = (
				C7734CB125BCDEEA0057DF96 /* StringUtils.swift */,
			);
			path = Utils;
			sourceTree = "<group>";
		};
		C7982CC525BB851F000DC0F1 /* DistributedChatMacApp */ = {
			isa = PBXGroup;
			children = (
				C7982CCA25BB8521000DC0F1 /* Assets.xcassets */,
				C7982CCF25BB8521000DC0F1 /* Info.plist */,
				C7982CD025BB8521000DC0F1 /* DistributedChatMacApp.entitlements */,
				C7982CCC25BB8521000DC0F1 /* Preview Content */,
			);
			path = DistributedChatMacApp;
			sourceTree = "<group>";
		};
		C7982CCC25BB8521000DC0F1 /* Preview Content */ = {
			isa = PBXGroup;
			children = (
				C7982CCD25BB8521000DC0F1 /* Preview Assets.xcassets */,
			);
			path = "Preview Content";
			sourceTree = "<group>";
		};
		C7982CD825BB8522000DC0F1 /* DistributedChatMacAppTests */ = {
			isa = PBXGroup;
			children = (
				C7982CD925BB8522000DC0F1 /* DistributedChatMacAppTests.swift */,
				C7982CDB25BB8522000DC0F1 /* Info.plist */,
			);
			path = DistributedChatMacAppTests;
			sourceTree = "<group>";
		};
		C7982CE325BB8522000DC0F1 /* DistributedChatMacAppUITests */ = {
			isa = PBXGroup;
			children = (
				C7982CE425BB8522000DC0F1 /* DistributedChatMacAppUITests.swift */,
				C7982CE625BB8522000DC0F1 /* Info.plist */,
			);
			path = DistributedChatMacAppUITests;
			sourceTree = "<group>";
		};
		C7982D3125BB89CD000DC0F1 /* Model */ = {
			isa = PBXGroup;
			children = (
				C7982D4025BB8A57000DC0F1 /* Messages.swift */,
				C77D499C25BC76010073A964 /* Settings.swift */,
				C77D499425BC75B40073A964 /* MessageHistoryStyle.swift */,
				C7734CA825BCDB1D0057DF96 /* Nearby.swift */,
			);
			path = Model;
			sourceTree = "<group>";
		};
		C7AFC9B725BB52E400AF9526 /* Controller */ = {
			isa = PBXGroup;
			children = (
				C7AFC9B225BB52D500AF9526 /* CoreBluetoothTransport.swift */,
			);
			path = Controller;
			sourceTree = "<group>";
		};
		C7AFC9B825BB52F200AF9526 /* View */ = {
			isa = PBXGroup;
			children = (
				C7BC335325B3C00700989E95 /* ContentView.swift */,
				C7982D2125BB8885000DC0F1 /* ChannelsView.swift */,
				C7982D2925BB8981000DC0F1 /* ChannelView.swift */,
				C7734CB925BCE6CE0057DF96 /* MessageHistoryView.swift */,
				C7734CC125BCE8910057DF96 /* MessageComposeView.swift */,
				C77D49E425BC85F70073A964 /* PlainMessageView.swift */,
				C77D49B225BC777E0073A964 /* CompactMessageView.swift */,
				C77D49C025BC780A0073A964 /* BubbleMessageView.swift */,
				C77D49D625BC7B600073A964 /* NearbyView.swift */,
				C77C1DF525BBC815005D0B7C /* ProfileVIew.swift */,
				C77D498625BC73F70073A964 /* SettingsView.swift */,
				C77C1DDF25BBB127005D0B7C /* ViewConstants.swift */,
				C77C1DE725BBC465005D0B7C /* AutoFocusTextField.swift */,
				C77D49CE25BC78C70073A964 /* EnumPicker.swift */,
			);
			path = View;
			sourceTree = "<group>";
		};
		C7BC334525B3C00700989E95 = {
			isa = PBXGroup;
			children = (
				C7BC337F25B3C1D100989E95 /* DistributedChat */,
				C7BC335025B3C00700989E95 /* DistributedChatApp */,
				C7BC336225B3C00900989E95 /* DistributedChatAppTests */,
				C7BC336D25B3C00900989E95 /* DistributedChatAppUITests */,
				C7982CC525BB851F000DC0F1 /* DistributedChatMacApp */,
				C7982CD825BB8522000DC0F1 /* DistributedChatMacAppTests */,
				C7982CE325BB8522000DC0F1 /* DistributedChatMacAppUITests */,
				C7BC334F25B3C00700989E95 /* Products */,
				C7BC338825B3C2EE00989E95 /* Frameworks */,
			);
			sourceTree = "<group>";
		};
		C7BC334F25B3C00700989E95 /* Products */ = {
			isa = PBXGroup;
			children = (
				C7BC334E25B3C00700989E95 /* DistributedChatApp.app */,
				C7BC335F25B3C00900989E95 /* DistributedChatAppTests.xctest */,
				C7BC336A25B3C00900989E95 /* DistributedChatAppUITests.xctest */,
				C7982CC425BB851F000DC0F1 /* DistributedChatMacApp.app */,
				C7982CD525BB8522000DC0F1 /* DistributedChatMacAppTests.xctest */,
				C7982CE025BB8522000DC0F1 /* DistributedChatMacAppUITests.xctest */,
			);
			name = Products;
			sourceTree = "<group>";
		};
		C7BC335025B3C00700989E95 /* DistributedChatApp */ = {
			isa = PBXGroup;
			children = (
				C7734CB025BCDEDF0057DF96 /* Utils */,
				C7982D3125BB89CD000DC0F1 /* Model */,
				C7AFC9B825BB52F200AF9526 /* View */,
				C7AFC9B725BB52E400AF9526 /* Controller */,
				C7BC335125B3C00700989E95 /* DistributedChatApp.swift */,
				C7BC335525B3C00900989E95 /* Assets.xcassets */,
				C7BC335A25B3C00900989E95 /* Info.plist */,
				C7BC335725B3C00900989E95 /* Preview Content */,
			);
			path = DistributedChatApp;
			sourceTree = "<group>";
		};
		C7BC335725B3C00900989E95 /* Preview Content */ = {
			isa = PBXGroup;
			children = (
				C7BC335825B3C00900989E95 /* Preview Assets.xcassets */,
			);
			path = "Preview Content";
			sourceTree = "<group>";
		};
		C7BC336225B3C00900989E95 /* DistributedChatAppTests */ = {
			isa = PBXGroup;
			children = (
				C7BC336325B3C00900989E95 /* DistributedChatAppTests.swift */,
				C7BC336525B3C00900989E95 /* Info.plist */,
			);
			path = DistributedChatAppTests;
			sourceTree = "<group>";
		};
		C7BC336D25B3C00900989E95 /* DistributedChatAppUITests */ = {
			isa = PBXGroup;
			children = (
				C7BC336E25B3C00900989E95 /* DistributedChatAppUITests.swift */,
				C7BC337025B3C00900989E95 /* Info.plist */,
			);
			path = DistributedChatAppUITests;
			sourceTree = "<group>";
		};
		C7BC338825B3C2EE00989E95 /* Frameworks */ = {
			isa = PBXGroup;
			children = (
			);
			name = Frameworks;
			sourceTree = "<group>";
		};
/* End PBXGroup section */

/* Begin PBXNativeTarget section */
		C7982CC325BB851F000DC0F1 /* DistributedChatMacApp */ = {
			isa = PBXNativeTarget;
			buildConfigurationList = C7982CED25BB8522000DC0F1 /* Build configuration list for PBXNativeTarget "DistributedChatMacApp" */;
			buildPhases = (
				C7982CC025BB851F000DC0F1 /* Sources */,
				C7982CC125BB851F000DC0F1 /* Frameworks */,
				C7982CC225BB851F000DC0F1 /* Resources */,
			);
			buildRules = (
			);
			dependencies = (
				C7982D1A25BB85C2000DC0F1 /* PBXTargetDependency */,
			);
			name = DistributedChatMacApp;
			packageProductDependencies = (
				C7982D1725BB85BC000DC0F1 /* DistributedChat */,
			);
			productName = DistributedChatMacApp;
			productReference = C7982CC425BB851F000DC0F1 /* DistributedChatMacApp.app */;
			productType = "com.apple.product-type.application";
		};
		C7982CD425BB8522000DC0F1 /* DistributedChatMacAppTests */ = {
			isa = PBXNativeTarget;
			buildConfigurationList = C7982CEE25BB8522000DC0F1 /* Build configuration list for PBXNativeTarget "DistributedChatMacAppTests" */;
			buildPhases = (
				C7982CD125BB8522000DC0F1 /* Sources */,
				C7982CD225BB8522000DC0F1 /* Frameworks */,
				C7982CD325BB8522000DC0F1 /* Resources */,
			);
			buildRules = (
			);
			dependencies = (
				C7982CD725BB8522000DC0F1 /* PBXTargetDependency */,
			);
			name = DistributedChatMacAppTests;
			productName = DistributedChatMacAppTests;
			productReference = C7982CD525BB8522000DC0F1 /* DistributedChatMacAppTests.xctest */;
			productType = "com.apple.product-type.bundle.unit-test";
		};
		C7982CDF25BB8522000DC0F1 /* DistributedChatMacAppUITests */ = {
			isa = PBXNativeTarget;
			buildConfigurationList = C7982CEF25BB8522000DC0F1 /* Build configuration list for PBXNativeTarget "DistributedChatMacAppUITests" */;
			buildPhases = (
				C7982CDC25BB8522000DC0F1 /* Sources */,
				C7982CDD25BB8522000DC0F1 /* Frameworks */,
				C7982CDE25BB8522000DC0F1 /* Resources */,
			);
			buildRules = (
			);
			dependencies = (
				C7982CE225BB8522000DC0F1 /* PBXTargetDependency */,
			);
			name = DistributedChatMacAppUITests;
			productName = DistributedChatMacAppUITests;
			productReference = C7982CE025BB8522000DC0F1 /* DistributedChatMacAppUITests.xctest */;
			productType = "com.apple.product-type.bundle.ui-testing";
		};
		C7BC334D25B3C00700989E95 /* DistributedChatApp */ = {
			isa = PBXNativeTarget;
			buildConfigurationList = C7BC337325B3C00900989E95 /* Build configuration list for PBXNativeTarget "DistributedChatApp" */;
			buildPhases = (
				C7BC334A25B3C00700989E95 /* Sources */,
				C7BC334B25B3C00700989E95 /* Frameworks */,
				C7BC334C25B3C00700989E95 /* Resources */,
			);
			buildRules = (
			);
			dependencies = (
				C7BC338425B3C28700989E95 /* PBXTargetDependency */,
			);
			name = DistributedChatApp;
			packageProductDependencies = (
				C7BC338925B3C2EE00989E95 /* DistributedChat */,
			);
			productName = DistributedChatApp;
			productReference = C7BC334E25B3C00700989E95 /* DistributedChatApp.app */;
			productType = "com.apple.product-type.application";
		};
		C7BC335E25B3C00900989E95 /* DistributedChatAppTests */ = {
			isa = PBXNativeTarget;
			buildConfigurationList = C7BC337625B3C00900989E95 /* Build configuration list for PBXNativeTarget "DistributedChatAppTests" */;
			buildPhases = (
				C7BC335B25B3C00900989E95 /* Sources */,
				C7BC335C25B3C00900989E95 /* Frameworks */,
				C7BC335D25B3C00900989E95 /* Resources */,
			);
			buildRules = (
			);
			dependencies = (
				C7BC336125B3C00900989E95 /* PBXTargetDependency */,
			);
			name = DistributedChatAppTests;
			productName = DistributedChatAppTests;
			productReference = C7BC335F25B3C00900989E95 /* DistributedChatAppTests.xctest */;
			productType = "com.apple.product-type.bundle.unit-test";
		};
		C7BC336925B3C00900989E95 /* DistributedChatAppUITests */ = {
			isa = PBXNativeTarget;
			buildConfigurationList = C7BC337925B3C00900989E95 /* Build configuration list for PBXNativeTarget "DistributedChatAppUITests" */;
			buildPhases = (
				C7BC336625B3C00900989E95 /* Sources */,
				C7BC336725B3C00900989E95 /* Frameworks */,
				C7BC336825B3C00900989E95 /* Resources */,
			);
			buildRules = (
			);
			dependencies = (
				C7BC336C25B3C00900989E95 /* PBXTargetDependency */,
			);
			name = DistributedChatAppUITests;
			productName = DistributedChatAppUITests;
			productReference = C7BC336A25B3C00900989E95 /* DistributedChatAppUITests.xctest */;
			productType = "com.apple.product-type.bundle.ui-testing";
		};
/* End PBXNativeTarget section */

/* Begin PBXProject section */
		C7BC334625B3C00700989E95 /* Project object */ = {
			isa = PBXProject;
			attributes = {
				LastSwiftUpdateCheck = 1230;
				LastUpgradeCheck = 1230;
				TargetAttributes = {
					C7982CC325BB851F000DC0F1 = {
						CreatedOnToolsVersion = 12.3;
					};
					C7982CD425BB8522000DC0F1 = {
						CreatedOnToolsVersion = 12.3;
						TestTargetID = C7982CC325BB851F000DC0F1;
					};
					C7982CDF25BB8522000DC0F1 = {
						CreatedOnToolsVersion = 12.3;
						TestTargetID = C7982CC325BB851F000DC0F1;
					};
					C7BC334D25B3C00700989E95 = {
						CreatedOnToolsVersion = 12.3;
					};
					C7BC335E25B3C00900989E95 = {
						CreatedOnToolsVersion = 12.3;
						TestTargetID = C7BC334D25B3C00700989E95;
					};
					C7BC336925B3C00900989E95 = {
						CreatedOnToolsVersion = 12.3;
						TestTargetID = C7BC334D25B3C00700989E95;
					};
				};
			};
			buildConfigurationList = C7BC334925B3C00700989E95 /* Build configuration list for PBXProject "DistributedChatApp" */;
			compatibilityVersion = "Xcode 9.3";
			developmentRegion = en;
			hasScannedForEncodings = 0;
			knownRegions = (
				en,
				Base,
			);
			mainGroup = C7BC334525B3C00700989E95;
			productRefGroup = C7BC334F25B3C00700989E95 /* Products */;
			projectDirPath = "";
			projectRoot = "";
			targets = (
				C7BC334D25B3C00700989E95 /* DistributedChatApp */,
				C7BC335E25B3C00900989E95 /* DistributedChatAppTests */,
				C7BC336925B3C00900989E95 /* DistributedChatAppUITests */,
				C7982CC325BB851F000DC0F1 /* DistributedChatMacApp */,
				C7982CD425BB8522000DC0F1 /* DistributedChatMacAppTests */,
				C7982CDF25BB8522000DC0F1 /* DistributedChatMacAppUITests */,
			);
		};
/* End PBXProject section */

/* Begin PBXResourcesBuildPhase section */
		C7982CC225BB851F000DC0F1 /* Resources */ = {
			isa = PBXResourcesBuildPhase;
			buildActionMask = 2147483647;
			files = (
				C7982CCE25BB8521000DC0F1 /* Preview Assets.xcassets in Resources */,
				C7982CCB25BB8521000DC0F1 /* Assets.xcassets in Resources */,
			);
			runOnlyForDeploymentPostprocessing = 0;
		};
		C7982CD325BB8522000DC0F1 /* Resources */ = {
			isa = PBXResourcesBuildPhase;
			buildActionMask = 2147483647;
			files = (
			);
			runOnlyForDeploymentPostprocessing = 0;
		};
		C7982CDE25BB8522000DC0F1 /* Resources */ = {
			isa = PBXResourcesBuildPhase;
			buildActionMask = 2147483647;
			files = (
			);
			runOnlyForDeploymentPostprocessing = 0;
		};
		C7BC334C25B3C00700989E95 /* Resources */ = {
			isa = PBXResourcesBuildPhase;
			buildActionMask = 2147483647;
			files = (
				C7BC335925B3C00900989E95 /* Preview Assets.xcassets in Resources */,
				C7BC335625B3C00900989E95 /* Assets.xcassets in Resources */,
			);
			runOnlyForDeploymentPostprocessing = 0;
		};
		C7BC335D25B3C00900989E95 /* Resources */ = {
			isa = PBXResourcesBuildPhase;
			buildActionMask = 2147483647;
			files = (
			);
			runOnlyForDeploymentPostprocessing = 0;
		};
		C7BC336825B3C00900989E95 /* Resources */ = {
			isa = PBXResourcesBuildPhase;
			buildActionMask = 2147483647;
			files = (
			);
			runOnlyForDeploymentPostprocessing = 0;
		};
/* End PBXResourcesBuildPhase section */

/* Begin PBXSourcesBuildPhase section */
		C7982CC025BB851F000DC0F1 /* Sources */ = {
			isa = PBXSourcesBuildPhase;
			buildActionMask = 2147483647;
			files = (
				C7982D0225BB8581000DC0F1 /* DistributedChatApp.swift in Sources */,
				C7982D0925BB8587000DC0F1 /* CoreBluetoothTransport.swift in Sources */,
				C7982D1025BB858B000DC0F1 /* ContentView.swift in Sources */,
			);
			runOnlyForDeploymentPostprocessing = 0;
		};
		C7982CD125BB8522000DC0F1 /* Sources */ = {
			isa = PBXSourcesBuildPhase;
			buildActionMask = 2147483647;
			files = (
				C7982CDA25BB8522000DC0F1 /* DistributedChatMacAppTests.swift in Sources */,
			);
			runOnlyForDeploymentPostprocessing = 0;
		};
		C7982CDC25BB8522000DC0F1 /* Sources */ = {
			isa = PBXSourcesBuildPhase;
			buildActionMask = 2147483647;
			files = (
				C7982CE525BB8522000DC0F1 /* DistributedChatMacAppUITests.swift in Sources */,
			);
			runOnlyForDeploymentPostprocessing = 0;
		};
		C7BC334A25B3C00700989E95 /* Sources */ = {
			isa = PBXSourcesBuildPhase;
			buildActionMask = 2147483647;
			files = (
				C77D49E525BC85F70073A964 /* PlainMessageView.swift in Sources */,
				C7982D2225BB8885000DC0F1 /* ChannelsView.swift in Sources */,
				C77C1DF625BBC815005D0B7C /* ProfileVIew.swift in Sources */,
				C7982D4125BB8A57000DC0F1 /* Messages.swift in Sources */,
				C77C1DE025BBB127005D0B7C /* ViewConstants.swift in Sources */,
				C7BC335425B3C00700989E95 /* ContentView.swift in Sources */,
				C77D498725BC73F70073A964 /* SettingsView.swift in Sources */,
				C77D49C125BC780A0073A964 /* BubbleMessageView.swift in Sources */,
				C7734CB225BCDEEA0057DF96 /* StringUtils.swift in Sources */,
				C77D49D725BC7B600073A964 /* NearbyView.swift in Sources */,
				C77D49CF25BC78C70073A964 /* EnumPicker.swift in Sources */,
				C7734CC225BCE8910057DF96 /* MessageComposeView.swift in Sources */,
				C77D499D25BC76010073A964 /* Settings.swift in Sources */,
				C7982D2A25BB8981000DC0F1 /* ChannelView.swift in Sources */,
				C77D499525BC75B40073A964 /* MessageHistoryStyle.swift in Sources */,
				C77D49B325BC777E0073A964 /* CompactMessageView.swift in Sources */,
				C77C1DE825BBC465005D0B7C /* AutoFocusTextField.swift in Sources */,
				C7AFC9B325BB52D500AF9526 /* CoreBluetoothTransport.swift in Sources */,
				C7734CBA25BCE6CE0057DF96 /* MessageHistoryView.swift in Sources */,
				C7734CA925BCDB1D0057DF96 /* Nearby.swift in Sources */,
				C7BC335225B3C00700989E95 /* DistributedChatApp.swift in Sources */,
			);
			runOnlyForDeploymentPostprocessing = 0;
		};
		C7BC335B25B3C00900989E95 /* Sources */ = {
			isa = PBXSourcesBuildPhase;
			buildActionMask = 2147483647;
			files = (
				C7BC336425B3C00900989E95 /* DistributedChatAppTests.swift in Sources */,
			);
			runOnlyForDeploymentPostprocessing = 0;
		};
		C7BC336625B3C00900989E95 /* Sources */ = {
			isa = PBXSourcesBuildPhase;
			buildActionMask = 2147483647;
			files = (
				C7BC336F25B3C00900989E95 /* DistributedChatAppUITests.swift in Sources */,
			);
			runOnlyForDeploymentPostprocessing = 0;
		};
/* End PBXSourcesBuildPhase section */

/* Begin PBXTargetDependency section */
		C7982CD725BB8522000DC0F1 /* PBXTargetDependency */ = {
			isa = PBXTargetDependency;
			target = C7982CC325BB851F000DC0F1 /* DistributedChatMacApp */;
			targetProxy = C7982CD625BB8522000DC0F1 /* PBXContainerItemProxy */;
		};
		C7982CE225BB8522000DC0F1 /* PBXTargetDependency */ = {
			isa = PBXTargetDependency;
			target = C7982CC325BB851F000DC0F1 /* DistributedChatMacApp */;
			targetProxy = C7982CE125BB8522000DC0F1 /* PBXContainerItemProxy */;
		};
		C7982D1A25BB85C2000DC0F1 /* PBXTargetDependency */ = {
			isa = PBXTargetDependency;
			productRef = C7982D1925BB85C2000DC0F1 /* DistributedChat */;
		};
		C7BC336125B3C00900989E95 /* PBXTargetDependency */ = {
			isa = PBXTargetDependency;
			target = C7BC334D25B3C00700989E95 /* DistributedChatApp */;
			targetProxy = C7BC336025B3C00900989E95 /* PBXContainerItemProxy */;
		};
		C7BC336C25B3C00900989E95 /* PBXTargetDependency */ = {
			isa = PBXTargetDependency;
			target = C7BC334D25B3C00700989E95 /* DistributedChatApp */;
			targetProxy = C7BC336B25B3C00900989E95 /* PBXContainerItemProxy */;
		};
		C7BC338425B3C28700989E95 /* PBXTargetDependency */ = {
			isa = PBXTargetDependency;
			productRef = C7BC338325B3C28700989E95 /* DistributedChat */;
		};
/* End PBXTargetDependency section */

/* Begin XCBuildConfiguration section */
		C7982CE725BB8522000DC0F1 /* Debug */ = {
			isa = XCBuildConfiguration;
			buildSettings = {
				ASSETCATALOG_COMPILER_APPICON_NAME = AppIcon;
				ASSETCATALOG_COMPILER_GLOBAL_ACCENT_COLOR_NAME = AccentColor;
				CODE_SIGN_ENTITLEMENTS = DistributedChatMacApp/DistributedChatMacApp.entitlements;
				CODE_SIGN_STYLE = Automatic;
				COMBINE_HIDPI_IMAGES = YES;
				DEVELOPMENT_ASSET_PATHS = "\"DistributedChatMacApp/Preview Content\"";
				DEVELOPMENT_TEAM = SS8V8UGLY8;
				ENABLE_HARDENED_RUNTIME = YES;
				ENABLE_PREVIEWS = YES;
				INFOPLIST_FILE = DistributedChatMacApp/Info.plist;
				LD_RUNPATH_SEARCH_PATHS = (
					"$(inherited)",
					"@executable_path/../Frameworks",
				);
				MACOSX_DEPLOYMENT_TARGET = 10.15;
				PRODUCT_BUNDLE_IDENTIFIER = fwcd.DistributedChatMacApp;
				PRODUCT_NAME = "$(TARGET_NAME)";
				SDKROOT = macosx;
				SWIFT_VERSION = 5.0;
			};
			name = Debug;
		};
		C7982CE825BB8522000DC0F1 /* Release */ = {
			isa = XCBuildConfiguration;
			buildSettings = {
				ASSETCATALOG_COMPILER_APPICON_NAME = AppIcon;
				ASSETCATALOG_COMPILER_GLOBAL_ACCENT_COLOR_NAME = AccentColor;
				CODE_SIGN_ENTITLEMENTS = DistributedChatMacApp/DistributedChatMacApp.entitlements;
				CODE_SIGN_STYLE = Automatic;
				COMBINE_HIDPI_IMAGES = YES;
				DEVELOPMENT_ASSET_PATHS = "\"DistributedChatMacApp/Preview Content\"";
				DEVELOPMENT_TEAM = SS8V8UGLY8;
				ENABLE_HARDENED_RUNTIME = YES;
				ENABLE_PREVIEWS = YES;
				INFOPLIST_FILE = DistributedChatMacApp/Info.plist;
				LD_RUNPATH_SEARCH_PATHS = (
					"$(inherited)",
					"@executable_path/../Frameworks",
				);
				MACOSX_DEPLOYMENT_TARGET = 10.15;
				PRODUCT_BUNDLE_IDENTIFIER = fwcd.DistributedChatMacApp;
				PRODUCT_NAME = "$(TARGET_NAME)";
				SDKROOT = macosx;
				SWIFT_VERSION = 5.0;
			};
			name = Release;
		};
		C7982CE925BB8522000DC0F1 /* Debug */ = {
			isa = XCBuildConfiguration;
			buildSettings = {
				ALWAYS_EMBED_SWIFT_STANDARD_LIBRARIES = YES;
				BUNDLE_LOADER = "$(TEST_HOST)";
				CODE_SIGN_STYLE = Automatic;
				COMBINE_HIDPI_IMAGES = YES;
				DEVELOPMENT_TEAM = SS8V8UGLY8;
				INFOPLIST_FILE = DistributedChatMacAppTests/Info.plist;
				LD_RUNPATH_SEARCH_PATHS = (
					"$(inherited)",
					"@executable_path/../Frameworks",
					"@loader_path/../Frameworks",
				);
				MACOSX_DEPLOYMENT_TARGET = 10.15;
				PRODUCT_BUNDLE_IDENTIFIER = fwcd.DistributedChatMacAppTests;
				PRODUCT_NAME = "$(TARGET_NAME)";
				SDKROOT = macosx;
				SWIFT_VERSION = 5.0;
				TEST_HOST = "$(BUILT_PRODUCTS_DIR)/DistributedChatMacApp.app/Contents/MacOS/DistributedChatMacApp";
			};
			name = Debug;
		};
		C7982CEA25BB8522000DC0F1 /* Release */ = {
			isa = XCBuildConfiguration;
			buildSettings = {
				ALWAYS_EMBED_SWIFT_STANDARD_LIBRARIES = YES;
				BUNDLE_LOADER = "$(TEST_HOST)";
				CODE_SIGN_STYLE = Automatic;
				COMBINE_HIDPI_IMAGES = YES;
				DEVELOPMENT_TEAM = SS8V8UGLY8;
				INFOPLIST_FILE = DistributedChatMacAppTests/Info.plist;
				LD_RUNPATH_SEARCH_PATHS = (
					"$(inherited)",
					"@executable_path/../Frameworks",
					"@loader_path/../Frameworks",
				);
				MACOSX_DEPLOYMENT_TARGET = 10.15;
				PRODUCT_BUNDLE_IDENTIFIER = fwcd.DistributedChatMacAppTests;
				PRODUCT_NAME = "$(TARGET_NAME)";
				SDKROOT = macosx;
				SWIFT_VERSION = 5.0;
				TEST_HOST = "$(BUILT_PRODUCTS_DIR)/DistributedChatMacApp.app/Contents/MacOS/DistributedChatMacApp";
			};
			name = Release;
		};
		C7982CEB25BB8522000DC0F1 /* Debug */ = {
			isa = XCBuildConfiguration;
			buildSettings = {
				ALWAYS_EMBED_SWIFT_STANDARD_LIBRARIES = YES;
				CODE_SIGN_STYLE = Automatic;
				COMBINE_HIDPI_IMAGES = YES;
				DEVELOPMENT_TEAM = SS8V8UGLY8;
				INFOPLIST_FILE = DistributedChatMacAppUITests/Info.plist;
				LD_RUNPATH_SEARCH_PATHS = (
					"$(inherited)",
					"@executable_path/../Frameworks",
					"@loader_path/../Frameworks",
				);
				MACOSX_DEPLOYMENT_TARGET = 10.15;
				PRODUCT_BUNDLE_IDENTIFIER = fwcd.DistributedChatMacAppUITests;
				PRODUCT_NAME = "$(TARGET_NAME)";
				SDKROOT = macosx;
				SWIFT_VERSION = 5.0;
				TEST_TARGET_NAME = DistributedChatMacApp;
			};
			name = Debug;
		};
		C7982CEC25BB8522000DC0F1 /* Release */ = {
			isa = XCBuildConfiguration;
			buildSettings = {
				ALWAYS_EMBED_SWIFT_STANDARD_LIBRARIES = YES;
				CODE_SIGN_STYLE = Automatic;
				COMBINE_HIDPI_IMAGES = YES;
				DEVELOPMENT_TEAM = SS8V8UGLY8;
				INFOPLIST_FILE = DistributedChatMacAppUITests/Info.plist;
				LD_RUNPATH_SEARCH_PATHS = (
					"$(inherited)",
					"@executable_path/../Frameworks",
					"@loader_path/../Frameworks",
				);
				MACOSX_DEPLOYMENT_TARGET = 10.15;
				PRODUCT_BUNDLE_IDENTIFIER = fwcd.DistributedChatMacAppUITests;
				PRODUCT_NAME = "$(TARGET_NAME)";
				SDKROOT = macosx;
				SWIFT_VERSION = 5.0;
				TEST_TARGET_NAME = DistributedChatMacApp;
			};
			name = Release;
		};
		C7BC337125B3C00900989E95 /* Debug */ = {
			isa = XCBuildConfiguration;
			buildSettings = {
				ALWAYS_SEARCH_USER_PATHS = NO;
				CLANG_ANALYZER_NONNULL = YES;
				CLANG_ANALYZER_NUMBER_OBJECT_CONVERSION = YES_AGGRESSIVE;
				CLANG_CXX_LANGUAGE_STANDARD = "gnu++14";
				CLANG_CXX_LIBRARY = "libc++";
				CLANG_ENABLE_MODULES = YES;
				CLANG_ENABLE_OBJC_ARC = YES;
				CLANG_ENABLE_OBJC_WEAK = YES;
				CLANG_WARN_BLOCK_CAPTURE_AUTORELEASING = YES;
				CLANG_WARN_BOOL_CONVERSION = YES;
				CLANG_WARN_COMMA = YES;
				CLANG_WARN_CONSTANT_CONVERSION = YES;
				CLANG_WARN_DEPRECATED_OBJC_IMPLEMENTATIONS = YES;
				CLANG_WARN_DIRECT_OBJC_ISA_USAGE = YES_ERROR;
				CLANG_WARN_DOCUMENTATION_COMMENTS = YES;
				CLANG_WARN_EMPTY_BODY = YES;
				CLANG_WARN_ENUM_CONVERSION = YES;
				CLANG_WARN_INFINITE_RECURSION = YES;
				CLANG_WARN_INT_CONVERSION = YES;
				CLANG_WARN_NON_LITERAL_NULL_CONVERSION = YES;
				CLANG_WARN_OBJC_IMPLICIT_RETAIN_SELF = YES;
				CLANG_WARN_OBJC_LITERAL_CONVERSION = YES;
				CLANG_WARN_OBJC_ROOT_CLASS = YES_ERROR;
				CLANG_WARN_QUOTED_INCLUDE_IN_FRAMEWORK_HEADER = YES;
				CLANG_WARN_RANGE_LOOP_ANALYSIS = YES;
				CLANG_WARN_STRICT_PROTOTYPES = YES;
				CLANG_WARN_SUSPICIOUS_MOVE = YES;
				CLANG_WARN_UNGUARDED_AVAILABILITY = YES_AGGRESSIVE;
				CLANG_WARN_UNREACHABLE_CODE = YES;
				CLANG_WARN__DUPLICATE_METHOD_MATCH = YES;
				COPY_PHASE_STRIP = NO;
				DEBUG_INFORMATION_FORMAT = dwarf;
				ENABLE_STRICT_OBJC_MSGSEND = YES;
				ENABLE_TESTABILITY = YES;
				GCC_C_LANGUAGE_STANDARD = gnu11;
				GCC_DYNAMIC_NO_PIC = NO;
				GCC_NO_COMMON_BLOCKS = YES;
				GCC_OPTIMIZATION_LEVEL = 0;
				GCC_PREPROCESSOR_DEFINITIONS = (
					"DEBUG=1",
					"$(inherited)",
				);
				GCC_WARN_64_TO_32_BIT_CONVERSION = YES;
				GCC_WARN_ABOUT_RETURN_TYPE = YES_ERROR;
				GCC_WARN_UNDECLARED_SELECTOR = YES;
				GCC_WARN_UNINITIALIZED_AUTOS = YES_AGGRESSIVE;
				GCC_WARN_UNUSED_FUNCTION = YES;
				GCC_WARN_UNUSED_VARIABLE = YES;
				IPHONEOS_DEPLOYMENT_TARGET = 14.3;
				MTL_ENABLE_DEBUG_INFO = INCLUDE_SOURCE;
				MTL_FAST_MATH = YES;
				ONLY_ACTIVE_ARCH = YES;
				SDKROOT = iphoneos;
				SWIFT_ACTIVE_COMPILATION_CONDITIONS = DEBUG;
				SWIFT_OPTIMIZATION_LEVEL = "-Onone";
			};
			name = Debug;
		};
		C7BC337225B3C00900989E95 /* Release */ = {
			isa = XCBuildConfiguration;
			buildSettings = {
				ALWAYS_SEARCH_USER_PATHS = NO;
				CLANG_ANALYZER_NONNULL = YES;
				CLANG_ANALYZER_NUMBER_OBJECT_CONVERSION = YES_AGGRESSIVE;
				CLANG_CXX_LANGUAGE_STANDARD = "gnu++14";
				CLANG_CXX_LIBRARY = "libc++";
				CLANG_ENABLE_MODULES = YES;
				CLANG_ENABLE_OBJC_ARC = YES;
				CLANG_ENABLE_OBJC_WEAK = YES;
				CLANG_WARN_BLOCK_CAPTURE_AUTORELEASING = YES;
				CLANG_WARN_BOOL_CONVERSION = YES;
				CLANG_WARN_COMMA = YES;
				CLANG_WARN_CONSTANT_CONVERSION = YES;
				CLANG_WARN_DEPRECATED_OBJC_IMPLEMENTATIONS = YES;
				CLANG_WARN_DIRECT_OBJC_ISA_USAGE = YES_ERROR;
				CLANG_WARN_DOCUMENTATION_COMMENTS = YES;
				CLANG_WARN_EMPTY_BODY = YES;
				CLANG_WARN_ENUM_CONVERSION = YES;
				CLANG_WARN_INFINITE_RECURSION = YES;
				CLANG_WARN_INT_CONVERSION = YES;
				CLANG_WARN_NON_LITERAL_NULL_CONVERSION = YES;
				CLANG_WARN_OBJC_IMPLICIT_RETAIN_SELF = YES;
				CLANG_WARN_OBJC_LITERAL_CONVERSION = YES;
				CLANG_WARN_OBJC_ROOT_CLASS = YES_ERROR;
				CLANG_WARN_QUOTED_INCLUDE_IN_FRAMEWORK_HEADER = YES;
				CLANG_WARN_RANGE_LOOP_ANALYSIS = YES;
				CLANG_WARN_STRICT_PROTOTYPES = YES;
				CLANG_WARN_SUSPICIOUS_MOVE = YES;
				CLANG_WARN_UNGUARDED_AVAILABILITY = YES_AGGRESSIVE;
				CLANG_WARN_UNREACHABLE_CODE = YES;
				CLANG_WARN__DUPLICATE_METHOD_MATCH = YES;
				COPY_PHASE_STRIP = NO;
				DEBUG_INFORMATION_FORMAT = "dwarf-with-dsym";
				ENABLE_NS_ASSERTIONS = NO;
				ENABLE_STRICT_OBJC_MSGSEND = YES;
				GCC_C_LANGUAGE_STANDARD = gnu11;
				GCC_NO_COMMON_BLOCKS = YES;
				GCC_WARN_64_TO_32_BIT_CONVERSION = YES;
				GCC_WARN_ABOUT_RETURN_TYPE = YES_ERROR;
				GCC_WARN_UNDECLARED_SELECTOR = YES;
				GCC_WARN_UNINITIALIZED_AUTOS = YES_AGGRESSIVE;
				GCC_WARN_UNUSED_FUNCTION = YES;
				GCC_WARN_UNUSED_VARIABLE = YES;
				IPHONEOS_DEPLOYMENT_TARGET = 14.3;
				MTL_ENABLE_DEBUG_INFO = NO;
				MTL_FAST_MATH = YES;
				SDKROOT = iphoneos;
				SWIFT_COMPILATION_MODE = wholemodule;
				SWIFT_OPTIMIZATION_LEVEL = "-O";
				VALIDATE_PRODUCT = YES;
			};
			name = Release;
		};
		C7BC337425B3C00900989E95 /* Debug */ = {
			isa = XCBuildConfiguration;
			buildSettings = {
				ASSETCATALOG_COMPILER_APPICON_NAME = AppIcon;
				ASSETCATALOG_COMPILER_GLOBAL_ACCENT_COLOR_NAME = AccentColor;
				CODE_SIGN_STYLE = Automatic;
				DEVELOPMENT_ASSET_PATHS = "\"DistributedChatApp/Preview Content\"";
				DEVELOPMENT_TEAM = SS8V8UGLY8;
				ENABLE_PREVIEWS = YES;
				INFOPLIST_FILE = DistributedChatApp/Info.plist;
				IPHONEOS_DEPLOYMENT_TARGET = 14.0;
				LD_RUNPATH_SEARCH_PATHS = (
					"$(inherited)",
					"@executable_path/Frameworks",
				);
				PRODUCT_BUNDLE_IDENTIFIER = fwcd.DistributedChatApp;
				PRODUCT_NAME = "$(TARGET_NAME)";
				SWIFT_VERSION = 5.0;
				TARGETED_DEVICE_FAMILY = "1,2";
			};
			name = Debug;
		};
		C7BC337525B3C00900989E95 /* Release */ = {
			isa = XCBuildConfiguration;
			buildSettings = {
				ASSETCATALOG_COMPILER_APPICON_NAME = AppIcon;
				ASSETCATALOG_COMPILER_GLOBAL_ACCENT_COLOR_NAME = AccentColor;
				CODE_SIGN_STYLE = Automatic;
				DEVELOPMENT_ASSET_PATHS = "\"DistributedChatApp/Preview Content\"";
				DEVELOPMENT_TEAM = SS8V8UGLY8;
				ENABLE_PREVIEWS = YES;
				INFOPLIST_FILE = DistributedChatApp/Info.plist;
				IPHONEOS_DEPLOYMENT_TARGET = 14.0;
				LD_RUNPATH_SEARCH_PATHS = (
					"$(inherited)",
					"@executable_path/Frameworks",
				);
				PRODUCT_BUNDLE_IDENTIFIER = fwcd.DistributedChatApp;
				PRODUCT_NAME = "$(TARGET_NAME)";
				SWIFT_VERSION = 5.0;
				TARGETED_DEVICE_FAMILY = "1,2";
			};
			name = Release;
		};
		C7BC337725B3C00900989E95 /* Debug */ = {
			isa = XCBuildConfiguration;
			buildSettings = {
				ALWAYS_EMBED_SWIFT_STANDARD_LIBRARIES = YES;
				BUNDLE_LOADER = "$(TEST_HOST)";
				CODE_SIGN_STYLE = Automatic;
				DEVELOPMENT_TEAM = SS8V8UGLY8;
				INFOPLIST_FILE = DistributedChatAppTests/Info.plist;
				IPHONEOS_DEPLOYMENT_TARGET = 14.0;
				LD_RUNPATH_SEARCH_PATHS = (
					"$(inherited)",
					"@executable_path/Frameworks",
					"@loader_path/Frameworks",
				);
				PRODUCT_BUNDLE_IDENTIFIER = fwcd.DistributedChatAppTests;
				PRODUCT_NAME = "$(TARGET_NAME)";
				SWIFT_VERSION = 5.0;
				TARGETED_DEVICE_FAMILY = "1,2";
				TEST_HOST = "$(BUILT_PRODUCTS_DIR)/DistributedChatApp.app/DistributedChatApp";
			};
			name = Debug;
		};
		C7BC337825B3C00900989E95 /* Release */ = {
			isa = XCBuildConfiguration;
			buildSettings = {
				ALWAYS_EMBED_SWIFT_STANDARD_LIBRARIES = YES;
				BUNDLE_LOADER = "$(TEST_HOST)";
				CODE_SIGN_STYLE = Automatic;
				DEVELOPMENT_TEAM = SS8V8UGLY8;
				INFOPLIST_FILE = DistributedChatAppTests/Info.plist;
				IPHONEOS_DEPLOYMENT_TARGET = 14.0;
				LD_RUNPATH_SEARCH_PATHS = (
					"$(inherited)",
					"@executable_path/Frameworks",
					"@loader_path/Frameworks",
				);
				PRODUCT_BUNDLE_IDENTIFIER = fwcd.DistributedChatAppTests;
				PRODUCT_NAME = "$(TARGET_NAME)";
				SWIFT_VERSION = 5.0;
				TARGETED_DEVICE_FAMILY = "1,2";
				TEST_HOST = "$(BUILT_PRODUCTS_DIR)/DistributedChatApp.app/DistributedChatApp";
			};
			name = Release;
		};
		C7BC337A25B3C00900989E95 /* Debug */ = {
			isa = XCBuildConfiguration;
			buildSettings = {
				ALWAYS_EMBED_SWIFT_STANDARD_LIBRARIES = YES;
				CODE_SIGN_STYLE = Automatic;
				DEVELOPMENT_TEAM = SS8V8UGLY8;
				INFOPLIST_FILE = DistributedChatAppUITests/Info.plist;
				LD_RUNPATH_SEARCH_PATHS = (
					"$(inherited)",
					"@executable_path/Frameworks",
					"@loader_path/Frameworks",
				);
				PRODUCT_BUNDLE_IDENTIFIER = fwcd.DistributedChatAppUITests;
				PRODUCT_NAME = "$(TARGET_NAME)";
				SWIFT_VERSION = 5.0;
				TARGETED_DEVICE_FAMILY = "1,2";
				TEST_TARGET_NAME = DistributedChatApp;
			};
			name = Debug;
		};
		C7BC337B25B3C00900989E95 /* Release */ = {
			isa = XCBuildConfiguration;
			buildSettings = {
				ALWAYS_EMBED_SWIFT_STANDARD_LIBRARIES = YES;
				CODE_SIGN_STYLE = Automatic;
				DEVELOPMENT_TEAM = SS8V8UGLY8;
				INFOPLIST_FILE = DistributedChatAppUITests/Info.plist;
				LD_RUNPATH_SEARCH_PATHS = (
					"$(inherited)",
					"@executable_path/Frameworks",
					"@loader_path/Frameworks",
				);
				PRODUCT_BUNDLE_IDENTIFIER = fwcd.DistributedChatAppUITests;
				PRODUCT_NAME = "$(TARGET_NAME)";
				SWIFT_VERSION = 5.0;
				TARGETED_DEVICE_FAMILY = "1,2";
				TEST_TARGET_NAME = DistributedChatApp;
			};
			name = Release;
		};
/* End XCBuildConfiguration section */

/* Begin XCConfigurationList section */
		C7982CED25BB8522000DC0F1 /* Build configuration list for PBXNativeTarget "DistributedChatMacApp" */ = {
			isa = XCConfigurationList;
			buildConfigurations = (
				C7982CE725BB8522000DC0F1 /* Debug */,
				C7982CE825BB8522000DC0F1 /* Release */,
			);
			defaultConfigurationIsVisible = 0;
			defaultConfigurationName = Release;
		};
		C7982CEE25BB8522000DC0F1 /* Build configuration list for PBXNativeTarget "DistributedChatMacAppTests" */ = {
			isa = XCConfigurationList;
			buildConfigurations = (
				C7982CE925BB8522000DC0F1 /* Debug */,
				C7982CEA25BB8522000DC0F1 /* Release */,
			);
			defaultConfigurationIsVisible = 0;
			defaultConfigurationName = Release;
		};
		C7982CEF25BB8522000DC0F1 /* Build configuration list for PBXNativeTarget "DistributedChatMacAppUITests" */ = {
			isa = XCConfigurationList;
			buildConfigurations = (
				C7982CEB25BB8522000DC0F1 /* Debug */,
				C7982CEC25BB8522000DC0F1 /* Release */,
			);
			defaultConfigurationIsVisible = 0;
			defaultConfigurationName = Release;
		};
		C7BC334925B3C00700989E95 /* Build configuration list for PBXProject "DistributedChatApp" */ = {
			isa = XCConfigurationList;
			buildConfigurations = (
				C7BC337125B3C00900989E95 /* Debug */,
				C7BC337225B3C00900989E95 /* Release */,
			);
			defaultConfigurationIsVisible = 0;
			defaultConfigurationName = Release;
		};
		C7BC337325B3C00900989E95 /* Build configuration list for PBXNativeTarget "DistributedChatApp" */ = {
			isa = XCConfigurationList;
			buildConfigurations = (
				C7BC337425B3C00900989E95 /* Debug */,
				C7BC337525B3C00900989E95 /* Release */,
			);
			defaultConfigurationIsVisible = 0;
			defaultConfigurationName = Release;
		};
		C7BC337625B3C00900989E95 /* Build configuration list for PBXNativeTarget "DistributedChatAppTests" */ = {
			isa = XCConfigurationList;
			buildConfigurations = (
				C7BC337725B3C00900989E95 /* Debug */,
				C7BC337825B3C00900989E95 /* Release */,
			);
			defaultConfigurationIsVisible = 0;
			defaultConfigurationName = Release;
		};
		C7BC337925B3C00900989E95 /* Build configuration list for PBXNativeTarget "DistributedChatAppUITests" */ = {
			isa = XCConfigurationList;
			buildConfigurations = (
				C7BC337A25B3C00900989E95 /* Debug */,
				C7BC337B25B3C00900989E95 /* Release */,
			);
			defaultConfigurationIsVisible = 0;
			defaultConfigurationName = Release;
		};
/* End XCConfigurationList section */

/* Begin XCSwiftPackageProductDependency section */
		C7982D1725BB85BC000DC0F1 /* DistributedChat */ = {
			isa = XCSwiftPackageProductDependency;
			productName = DistributedChat;
		};
		C7982D1925BB85C2000DC0F1 /* DistributedChat */ = {
			isa = XCSwiftPackageProductDependency;
			productName = DistributedChat;
		};
		C7BC338325B3C28700989E95 /* DistributedChat */ = {
			isa = XCSwiftPackageProductDependency;
			productName = DistributedChat;
		};
		C7BC338925B3C2EE00989E95 /* DistributedChat */ = {
			isa = XCSwiftPackageProductDependency;
			productName = DistributedChat;
		};
/* End XCSwiftPackageProductDependency section */
	};
	rootObject = C7BC334625B3C00700989E95 /* Project object */;
}
