{
  "pins" : [
    {
      "identity" : "fdwaveformview",
      "kind" : "remoteSourceControl",
      "location" : "https://github.com/fulldecent/FDWaveformView.git",
      "state" : {
        "revision" : "8ddf6107d54dccb3892f0a1aa70d5431d61d75f6",
        "version" : "5.0.1"
      }
    },
    {
      "identity" : "swift-crypto",
      "kind" : "remoteSourceControl",
      "location" : "https://github.com/apple/swift-crypto.git",
      "state" : {
        "revision" : "60f13f60c4d093691934dc6cfdf5f508ada1f894",
        "version" : "2.6.0"
      }
    },
    {
      "identity" : "swift-log",
      "kind" : "remoteSourceControl",
      "location" : "https://github.com/apple/swift-log.git",
      "state" : {
        "revision" : "173f567a2dfec11d74588eea82cecea555bdc0bc",
        "version" : "1.4.0"
      }
    },
    {
      "identity" : "swift-log-oslog",
      "kind" : "remoteSourceControl",
      "location" : "https://github.com/chrisaljoudi/swift-log-oslog.git",
      "state" : {
        "revision" : "176d41d46429e79c806333025b226e0c50a0c602",
        "version" : "0.2.2"
      }
    },
    {
      "identity" : "swiftuikit",
      "kind" : "remoteSourceControl",
      "location" : "https://github.com/youjinp/SwiftUIKit.git",
      "state" : {
        "revision" : "a83aedd996bcb59ca846346bb507f090a7350e34",
        "version" : "0.0.17"
      }
    }
  ],
  "version" : 2
}
